
Microsoft Visual Studio Solution File, Format Version 12.00
# Visual Studio Version 17
VisualStudioVersion = 17.0.31903.59
MinimumVisualStudioVersion = 10.0.40219.1
Project("{2150E333-8FDC-42A3-9474-1A3956D46DE8}") = "src", "src", "{827E0CD3-B72D-47B6-A68D-7590B98EB39B}"
EndProject
Project("{FAE04EC0-301F-11D3-BF4B-00C04F79EFBC}") = "Identity.API", "src\Identity\Identity.API\Identity.API.csproj", "{F1D87459-16BF-4448-8409-20655D1CA9F5}"
EndProject
Project("{2150E333-8FDC-42A3-9474-1A3956D46DE8}") = "Examination", "Examination", "{B12C7AD0-9994-2523-3738-BF31F89662B9}"
EndProject
Project("{FAE04EC0-301F-11D3-BF4B-00C04F79EFBC}") = "Examination.API", "src\Examination\Examination.API\Examination.API.csproj", "{67348B1E-219B-4FC1-BF57-1DC1A76C3FDE}"
EndProject
Project("{FAE04EC0-301F-11D3-BF4B-00C04F79EFBC}") = "Examination.Application", "src\Examination\Examination.Application\Examination.Application.csproj", "{776644E2-EE5A-40B9-B479-4F8CB2C6EA0C}"
EndProject
Project("{FAE04EC0-301F-11D3-BF4B-00C04F79EFBC}") = "Examination.Domain", "src\Examination\Examination.Domain\Examination.Domain.csproj", "{461E20AB-3333-4B48-AAA5-F8D1BE1730F5}"
EndProject
Project("{2150E333-8FDC-42A3-9474-1A3956D46DE8}") = "Examinat", "Examinat", "{46C25794-8CE0-34A3-36C1-1E3013264A49}"
EndProject
Project("{FAE04EC0-301F-11D3-BF4B-00C04F79EFBC}") = "Examination.Infrastructure", "src\Examination\Examination.Infrastructure\Examination.Infrastructure.csproj", "{230E50D8-7CA3-4D8C-BEA7-4CDA4BFCA796}"
EndProject
Project("{2150E333-8FDC-42A3-9474-1A3956D46DE8}") = "tests", "tests", "{0AB3BF05-4346-4AA6-1389-037BE0695223}"
EndProject
Project("{2150E333-8FDC-42A3-9474-1A3956D46DE8}") = "Identity.API", "Identity.API", "{B4D1368E-CC7F-6082-471B-C3727E4E2E29}"
EndProject
Project("{FAE04EC0-301F-11D3-BF4B-00C04F79EFBC}") = "Identity.API.IntergrationTests", "tests\Identity\Identity.API\Identity.API.IntergrationTests\Identity.API.IntergrationTests.csproj", "{A43170D7-8781-437D-8D67-34474CA1AF30}"
EndProject
Project("{2150E333-8FDC-42A3-9474-1A3956D46DE8}") = "Examination", "Examination", "{90F32BB4-8B5B-EF8A-4110-A6235ADA6BD6}"
EndProject
Project("{FAE04EC0-301F-11D3-BF4B-00C04F79EFBC}") = "Examination.Infrastructure.IntergrationTests", "tests\Examination\Examination.Infrastructure.IntergrationTests\Examination.Infrastructure.IntergrationTests.csproj", "{35B7337A-E033-4C9E-A4C4-67038B558069}"
EndProject
Project("{FAE04EC0-301F-11D3-BF4B-00C04F79EFBC}") = "Examination.Domain.UnitTests", "tests\Examination\Examination.Domain.UnitTests\Examination.Domain.UnitTests.csproj", "{5CA16B1D-DC74-4E5C-BC78-9D0101CB5706}"
EndProject
Project("{FAE04EC0-301F-11D3-BF4B-00C04F79EFBC}") = "Examination.API.IntergrationTests", "tests\Examination\Examination.API.IntergrationTests\Examination.API.IntergrationTests.csproj", "{C555AAA9-47D0-48F8-914E-DE6BE0E58D97}"
EndProject
Project("{FAE04EC0-301F-11D3-BF4B-00C04F79EFBC}") = "Examination.Application.UnitTests", "tests\Examination\Examination.Application.UnitTests\Examination.Application.UnitTests.csproj", "{A16D863F-EF7B-4F9A-B17A-D42A34E82E5B}"
EndProject
Global
	GlobalSection(SolutionConfigurationPlatforms) = preSolution
		Debug|Any CPU = Debug|Any CPU
		Debug|x64 = Debug|x64
		Debug|x86 = Debug|x86
		Release|Any CPU = Release|Any CPU
		Release|x64 = Release|x64
		Release|x86 = Release|x86
	EndGlobalSection
	GlobalSection(ProjectConfigurationPlatforms) = postSolution
		{F1D87459-16BF-4448-8409-20655D1CA9F5}.Debug|Any CPU.ActiveCfg = Debug|Any CPU
		{F1D87459-16BF-4448-8409-20655D1CA9F5}.Debug|Any CPU.Build.0 = Debug|Any CPU
		{F1D87459-16BF-4448-8409-20655D1CA9F5}.Debug|x64.ActiveCfg = Debug|Any CPU
		{F1D87459-16BF-4448-8409-20655D1CA9F5}.Debug|x64.Build.0 = Debug|Any CPU
		{F1D87459-16BF-4448-8409-20655D1CA9F5}.Debug|x86.ActiveCfg = Debug|Any CPU
		{F1D87459-16BF-4448-8409-20655D1CA9F5}.Debug|x86.Build.0 = Debug|Any CPU
		{F1D87459-16BF-4448-8409-20655D1CA9F5}.Release|Any CPU.ActiveCfg = Release|Any CPU
		{F1D87459-16BF-4448-8409-20655D1CA9F5}.Release|Any CPU.Build.0 = Release|Any CPU
		{F1D87459-16BF-4448-8409-20655D1CA9F5}.Release|x64.ActiveCfg = Release|Any CPU
		{F1D87459-16BF-4448-8409-20655D1CA9F5}.Release|x64.Build.0 = Release|Any CPU
		{F1D87459-16BF-4448-8409-20655D1CA9F5}.Release|x86.ActiveCfg = Release|Any CPU
		{F1D87459-16BF-4448-8409-20655D1CA9F5}.Release|x86.Build.0 = Release|Any CPU
		{67348B1E-219B-4FC1-BF57-1DC1A76C3FDE}.Debug|Any CPU.ActiveCfg = Debug|Any CPU
		{67348B1E-219B-4FC1-BF57-1DC1A76C3FDE}.Debug|Any CPU.Build.0 = Debug|Any CPU
		{67348B1E-219B-4FC1-BF57-1DC1A76C3FDE}.Debug|x64.ActiveCfg = Debug|Any CPU
		{67348B1E-219B-4FC1-BF57-1DC1A76C3FDE}.Debug|x64.Build.0 = Debug|Any CPU
		{67348B1E-219B-4FC1-BF57-1DC1A76C3FDE}.Debug|x86.ActiveCfg = Debug|Any CPU
		{67348B1E-219B-4FC1-BF57-1DC1A76C3FDE}.Debug|x86.Build.0 = Debug|Any CPU
		{67348B1E-219B-4FC1-BF57-1DC1A76C3FDE}.Release|Any CPU.ActiveCfg = Release|Any CPU
		{67348B1E-219B-4FC1-BF57-1DC1A76C3FDE}.Release|Any CPU.Build.0 = Release|Any CPU
		{67348B1E-219B-4FC1-BF57-1DC1A76C3FDE}.Release|x64.ActiveCfg = Release|Any CPU
		{67348B1E-219B-4FC1-BF57-1DC1A76C3FDE}.Release|x64.Build.0 = Release|Any CPU
		{67348B1E-219B-4FC1-BF57-1DC1A76C3FDE}.Release|x86.ActiveCfg = Release|Any CPU
		{67348B1E-219B-4FC1-BF57-1DC1A76C3FDE}.Release|x86.Build.0 = Release|Any CPU
		{776644E2-EE5A-40B9-B479-4F8CB2C6EA0C}.Debug|Any CPU.ActiveCfg = Debug|Any CPU
		{776644E2-EE5A-40B9-B479-4F8CB2C6EA0C}.Debug|Any CPU.Build.0 = Debug|Any CPU
		{776644E2-EE5A-40B9-B479-4F8CB2C6EA0C}.Debug|x64.ActiveCfg = Debug|Any CPU
		{776644E2-EE5A-40B9-B479-4F8CB2C6EA0C}.Debug|x64.Build.0 = Debug|Any CPU
		{776644E2-EE5A-40B9-B479-4F8CB2C6EA0C}.Debug|x86.ActiveCfg = Debug|Any CPU
		{776644E2-EE5A-40B9-B479-4F8CB2C6EA0C}.Debug|x86.Build.0 = Debug|Any CPU
		{776644E2-EE5A-40B9-B479-4F8CB2C6EA0C}.Release|Any CPU.ActiveCfg = Release|Any CPU
		{776644E2-EE5A-40B9-B479-4F8CB2C6EA0C}.Release|Any CPU.Build.0 = Release|Any CPU
		{776644E2-EE5A-40B9-B479-4F8CB2C6EA0C}.Release|x64.ActiveCfg = Release|Any CPU
		{776644E2-EE5A-40B9-B479-4F8CB2C6EA0C}.Release|x64.Build.0 = Release|Any CPU
		{776644E2-EE5A-40B9-B479-4F8CB2C6EA0C}.Release|x86.ActiveCfg = Release|Any CPU
		{776644E2-EE5A-40B9-B479-4F8CB2C6EA0C}.Release|x86.Build.0 = Release|Any CPU
		{461E20AB-3333-4B48-AAA5-F8D1BE1730F5}.Debug|Any CPU.ActiveCfg = Debug|Any CPU
		{461E20AB-3333-4B48-AAA5-F8D1BE1730F5}.Debug|Any CPU.Build.0 = Debug|Any CPU
		{461E20AB-3333-4B48-AAA5-F8D1BE1730F5}.Debug|x64.ActiveCfg = Debug|Any CPU
		{461E20AB-3333-4B48-AAA5-F8D1BE1730F5}.Debug|x64.Build.0 = Debug|Any CPU
		{461E20AB-3333-4B48-AAA5-F8D1BE1730F5}.Debug|x86.ActiveCfg = Debug|Any CPU
		{461E20AB-3333-4B48-AAA5-F8D1BE1730F5}.Debug|x86.Build.0 = Debug|Any CPU
		{461E20AB-3333-4B48-AAA5-F8D1BE1730F5}.Release|Any CPU.ActiveCfg = Release|Any CPU
		{461E20AB-3333-4B48-AAA5-F8D1BE1730F5}.Release|Any CPU.Build.0 = Release|Any CPU
		{461E20AB-3333-4B48-AAA5-F8D1BE1730F5}.Release|x64.ActiveCfg = Release|Any CPU
		{461E20AB-3333-4B48-AAA5-F8D1BE1730F5}.Release|x64.Build.0 = Release|Any CPU
		{461E20AB-3333-4B48-AAA5-F8D1BE1730F5}.Release|x86.ActiveCfg = Release|Any CPU
		{461E20AB-3333-4B48-AAA5-F8D1BE1730F5}.Release|x86.Build.0 = Release|Any CPU
		{230E50D8-7CA3-4D8C-BEA7-4CDA4BFCA796}.Debug|Any CPU.ActiveCfg = Debug|Any CPU
		{230E50D8-7CA3-4D8C-BEA7-4CDA4BFCA796}.Debug|Any CPU.Build.0 = Debug|Any CPU
		{230E50D8-7CA3-4D8C-BEA7-4CDA4BFCA796}.Debug|x64.ActiveCfg = Debug|Any CPU
		{230E50D8-7CA3-4D8C-BEA7-4CDA4BFCA796}.Debug|x64.Build.0 = Debug|Any CPU
		{230E50D8-7CA3-4D8C-BEA7-4CDA4BFCA796}.Debug|x86.ActiveCfg = Debug|Any CPU
		{230E50D8-7CA3-4D8C-BEA7-4CDA4BFCA796}.Debug|x86.Build.0 = Debug|Any CPU
		{230E50D8-7CA3-4D8C-BEA7-4CDA4BFCA796}.Release|Any CPU.ActiveCfg = Release|Any CPU
		{230E50D8-7CA3-4D8C-BEA7-4CDA4BFCA796}.Release|Any CPU.Build.0 = Release|Any CPU
		{230E50D8-7CA3-4D8C-BEA7-4CDA4BFCA796}.Release|x64.ActiveCfg = Release|Any CPU
		{230E50D8-7CA3-4D8C-BEA7-4CDA4BFCA796}.Release|x64.Build.0 = Release|Any CPU
		{230E50D8-7CA3-4D8C-BEA7-4CDA4BFCA796}.Release|x86.ActiveCfg = Release|Any CPU
		{230E50D8-7CA3-4D8C-BEA7-4CDA4BFCA796}.Release|x86.Build.0 = Release|Any CPU
		{A43170D7-8781-437D-8D67-34474CA1AF30}.Debug|Any CPU.ActiveCfg = Debug|Any CPU
		{A43170D7-8781-437D-8D67-34474CA1AF30}.Debug|Any CPU.Build.0 = Debug|Any CPU
		{A43170D7-8781-437D-8D67-34474CA1AF30}.Debug|x64.ActiveCfg = Debug|Any CPU
		{A43170D7-8781-437D-8D67-34474CA1AF30}.Debug|x64.Build.0 = Debug|Any CPU
		{A43170D7-8781-437D-8D67-34474CA1AF30}.Debug|x86.ActiveCfg = Debug|Any CPU
		{A43170D7-8781-437D-8D67-34474CA1AF30}.Debug|x86.Build.0 = Debug|Any CPU
		{A43170D7-8781-437D-8D67-34474CA1AF30}.Release|Any CPU.ActiveCfg = Release|Any CPU
		{A43170D7-8781-437D-8D67-34474CA1AF30}.Release|Any CPU.Build.0 = Release|Any CPU
		{A43170D7-8781-437D-8D67-34474CA1AF30}.Release|x64.ActiveCfg = Release|Any CPU
		{A43170D7-8781-437D-8D67-34474CA1AF30}.Release|x64.Build.0 = Release|Any CPU
		{A43170D7-8781-437D-8D67-34474CA1AF30}.Release|x86.ActiveCfg = Release|Any CPU
		{A43170D7-8781-437D-8D67-34474CA1AF30}.Release|x86.Build.0 = Release|Any CPU
		{35B7337A-E033-4C9E-A4C4-67038B558069}.Debug|Any CPU.ActiveCfg = Debug|Any CPU
		{35B7337A-E033-4C9E-A4C4-67038B558069}.Debug|Any CPU.Build.0 = Debug|Any CPU
		{35B7337A-E033-4C9E-A4C4-67038B558069}.Debug|x64.ActiveCfg = Debug|Any CPU
		{35B7337A-E033-4C9E-A4C4-67038B558069}.Debug|x64.Build.0 = Debug|Any CPU
		{35B7337A-E033-4C9E-A4C4-67038B558069}.Debug|x86.ActiveCfg = Debug|Any CPU
		{35B7337A-E033-4C9E-A4C4-67038B558069}.Debug|x86.Build.0 = Debug|Any CPU
		{35B7337A-E033-4C9E-A4C4-67038B558069}.Release|Any CPU.ActiveCfg = Release|Any CPU
		{35B7337A-E033-4C9E-A4C4-67038B558069}.Release|Any CPU.Build.0 = Release|Any CPU
		{35B7337A-E033-4C9E-A4C4-67038B558069}.Release|x64.ActiveCfg = Release|Any CPU
		{35B7337A-E033-4C9E-A4C4-67038B558069}.Release|x64.Build.0 = Release|Any CPU
		{35B7337A-E033-4C9E-A4C4-67038B558069}.Release|x86.ActiveCfg = Release|Any CPU
		{35B7337A-E033-4C9E-A4C4-67038B558069}.Release|x86.Build.0 = Release|Any CPU
		{5CA16B1D-DC74-4E5C-BC78-9D0101CB5706}.Debug|Any CPU.ActiveCfg = Debug|Any CPU
		{5CA16B1D-DC74-4E5C-BC78-9D0101CB5706}.Debug|Any CPU.Build.0 = Debug|Any CPU
		{5CA16B1D-DC74-4E5C-BC78-9D0101CB5706}.Debug|x64.ActiveCfg = Debug|Any CPU
		{5CA16B1D-DC74-4E5C-BC78-9D0101CB5706}.Debug|x64.Build.0 = Debug|Any CPU
		{5CA16B1D-DC74-4E5C-BC78-9D0101CB5706}.Debug|x86.ActiveCfg = Debug|Any CPU
		{5CA16B1D-DC74-4E5C-BC78-9D0101CB5706}.Debug|x86.Build.0 = Debug|Any CPU
		{5CA16B1D-DC74-4E5C-BC78-9D0101CB5706}.Release|Any CPU.ActiveCfg = Release|Any CPU
		{5CA16B1D-DC74-4E5C-BC78-9D0101CB5706}.Release|Any CPU.Build.0 = Release|Any CPU
		{5CA16B1D-DC74-4E5C-BC78-9D0101CB5706}.Release|x64.ActiveCfg = Release|Any CPU
		{5CA16B1D-DC74-4E5C-BC78-9D0101CB5706}.Release|x64.Build.0 = Release|Any CPU
		{5CA16B1D-DC74-4E5C-BC78-9D0101CB5706}.Release|x86.ActiveCfg = Release|Any CPU
		{5CA16B1D-DC74-4E5C-BC78-9D0101CB5706}.Release|x86.Build.0 = Release|Any CPU
		{C555AAA9-47D0-48F8-914E-DE6BE0E58D97}.Debug|Any CPU.ActiveCfg = Debug|Any CPU
		{C555AAA9-47D0-48F8-914E-DE6BE0E58D97}.Debug|Any CPU.Build.0 = Debug|Any CPU
		{C555AAA9-47D0-48F8-914E-DE6BE0E58D97}.Debug|x64.ActiveCfg = Debug|Any CPU
		{C555AAA9-47D0-48F8-914E-DE6BE0E58D97}.Debug|x64.Build.0 = Debug|Any CPU
		{C555AAA9-47D0-48F8-914E-DE6BE0E58D97}.Debug|x86.ActiveCfg = Debug|Any CPU
		{C555AAA9-47D0-48F8-914E-DE6BE0E58D97}.Debug|x86.Build.0 = Debug|Any CPU
		{C555AAA9-47D0-48F8-914E-DE6BE0E58D97}.Release|Any CPU.ActiveCfg = Release|Any CPU
		{C555AAA9-47D0-48F8-914E-DE6BE0E58D97}.Release|Any CPU.Build.0 = Release|Any CPU
		{C555AAA9-47D0-48F8-914E-DE6BE0E58D97}.Release|x64.ActiveCfg = Release|Any CPU
		{C555AAA9-47D0-48F8-914E-DE6BE0E58D97}.Release|x64.Build.0 = Release|Any CPU
		{C555AAA9-47D0-48F8-914E-DE6BE0E58D97}.Release|x86.ActiveCfg = Release|Any CPU
		{C555AAA9-47D0-48F8-914E-DE6BE0E58D97}.Release|x86.Build.0 = Release|Any CPU
		{A16D863F-EF7B-4F9A-B17A-D42A34E82E5B}.Debug|Any CPU.ActiveCfg = Debug|Any CPU
		{A16D863F-EF7B-4F9A-B17A-D42A34E82E5B}.Debug|Any CPU.Build.0 = Debug|Any CPU
		{A16D863F-EF7B-4F9A-B17A-D42A34E82E5B}.Debug|x64.ActiveCfg = Debug|Any CPU
		{A16D863F-EF7B-4F9A-B17A-D42A34E82E5B}.Debug|x64.Build.0 = Debug|Any CPU
		{A16D863F-EF7B-4F9A-B17A-D42A34E82E5B}.Debug|x86.ActiveCfg = Debug|Any CPU
		{A16D863F-EF7B-4F9A-B17A-D42A34E82E5B}.Debug|x86.Build.0 = Debug|Any CPU
		{A16D863F-EF7B-4F9A-B17A-D42A34E82E5B}.Release|Any CPU.ActiveCfg = Release|Any CPU
		{A16D863F-EF7B-4F9A-B17A-D42A34E82E5B}.Release|Any CPU.Build.0 = Release|Any CPU
		{A16D863F-EF7B-4F9A-B17A-D42A34E82E5B}.Release|x64.ActiveCfg = Release|Any CPU
		{A16D863F-EF7B-4F9A-B17A-D42A34E82E5B}.Release|x64.Build.0 = Release|Any CPU
		{A16D863F-EF7B-4F9A-B17A-D42A34E82E5B}.Release|x86.ActiveCfg = Release|Any CPU
		{A16D863F-EF7B-4F9A-B17A-D42A34E82E5B}.Release|x86.Build.0 = Release|Any CPU
	EndGlobalSection
	GlobalSection(SolutionProperties) = preSolution
		HideSolutionNode = FALSE
	EndGlobalSection
	GlobalSection(NestedProjects) = preSolution
		{F1D87459-16BF-4448-8409-20655D1CA9F5} = {827E0CD3-B72D-47B6-A68D-7590B98EB39B}
		{B12C7AD0-9994-2523-3738-BF31F89662B9} = {827E0CD3-B72D-47B6-A68D-7590B98EB39B}
		{67348B1E-219B-4FC1-BF57-1DC1A76C3FDE} = {B12C7AD0-9994-2523-3738-BF31F89662B9}
		{776644E2-EE5A-40B9-B479-4F8CB2C6EA0C} = {B12C7AD0-9994-2523-3738-BF31F89662B9}
		{461E20AB-3333-4B48-AAA5-F8D1BE1730F5} = {B12C7AD0-9994-2523-3738-BF31F89662B9}
		{46C25794-8CE0-34A3-36C1-1E3013264A49} = {827E0CD3-B72D-47B6-A68D-7590B98EB39B}
		{230E50D8-7CA3-4D8C-BEA7-4CDA4BFCA796} = {46C25794-8CE0-34A3-36C1-1E3013264A49}
		{B4D1368E-CC7F-6082-471B-C3727E4E2E29} = {0AB3BF05-4346-4AA6-1389-037BE0695223}
		{A43170D7-8781-437D-8D67-34474CA1AF30} = {B4D1368E-CC7F-6082-471B-C3727E4E2E29}
		{90F32BB4-8B5B-EF8A-4110-A6235ADA6BD6} = {0AB3BF05-4346-4AA6-1389-037BE0695223}
		{35B7337A-E033-4C9E-A4C4-67038B558069} = {90F32BB4-8B5B-EF8A-4110-A6235ADA6BD6}
		{5CA16B1D-DC74-4E5C-BC78-9D0101CB5706} = {90F32BB4-8B5B-EF8A-4110-A6235ADA6BD6}
		{C555AAA9-47D0-48F8-914E-DE6BE0E58D97} = {90F32BB4-8B5B-EF8A-4110-A6235ADA6BD6}
		{A16D863F-EF7B-4F9A-B17A-D42A34E82E5B} = {90F32BB4-8B5B-EF8A-4110-A6235ADA6BD6}
	EndGlobalSection
EndGlobal
